// !$*UTF8*$!
{
	archiveVersion = 1;
	classes = {
	};
	objectVersion = 77;
	objects = {

/* Begin PBXContainerItemProxy section */
		06F614EB2D04D2C800D12444 /* PBXContainerItemProxy */ = {
			isa = PBXContainerItemProxy;
			containerPortal = 06F614D22D04D2C700D12444 /* Project object */;
			proxyType = 1;
			remoteGlobalIDString = 06F614D92D04D2C700D12444;
			remoteInfo = RSSPodcastPlayer;
		};
		06F614F52D04D2C800D12444 /* PBXContainerItemProxy */ = {
			isa = PBXContainerItemProxy;
			containerPortal = 06F614D22D04D2C700D12444 /* Project object */;
			proxyType = 1;
			remoteGlobalIDString = 06F614D92D04D2C700D12444;
			remoteInfo = RSSPodcastPlayer;
		};
/* End PBXContainerItemProxy section */

/* Begin PBXFileReference section */
		06F614DA2D04D2C700D12444 /* RSSPodcastPlayer.app */ = {isa = PBXFileReference; explicitFileType = wrapper.application; includeInIndex = 0; path = RSSPodcastPlayer.app; sourceTree = BUILT_PRODUCTS_DIR; };
		06F614EA2D04D2C800D12444 /* RSSPodcastPlayerTests.xctest */ = {isa = PBXFileReference; explicitFileType = wrapper.cfbundle; includeInIndex = 0; path = RSSPodcastPlayerTests.xctest; sourceTree = BUILT_PRODUCTS_DIR; };
		06F614F42D04D2C800D12444 /* RSSPodcastPlayerUITests.xctest */ = {isa = PBXFileReference; explicitFileType = wrapper.cfbundle; includeInIndex = 0; path = RSSPodcastPlayerUITests.xctest; sourceTree = BUILT_PRODUCTS_DIR; };
/* End PBXFileReference section */

/* Begin PBXFileSystemSynchronizedRootGroup section */
		06F614DC2D04D2C700D12444 /* RSSPodcastPlayer */ = {
			isa = PBXFileSystemSynchronizedRootGroup;
			path = RSSPodcastPlayer;
			sourceTree = "<group>";
		};
		06F614ED2D04D2C800D12444 /* RSSPodcastPlayerTests */ = {
			isa = PBXFileSystemSynchronizedRootGroup;
			path = RSSPodcastPlayerTests;
			sourceTree = "<group>";
		};
		06F614F72D04D2C800D12444 /* RSSPodcastPlayerUITests */ = {
			isa = PBXFileSystemSynchronizedRootGroup;
			path = RSSPodcastPlayerUITests;
			sourceTree = "<group>";
		};
/* End PBXFileSystemSynchronizedRootGroup section */

/* Begin PBXFrameworksBuildPhase section */
		06F614D72D04D2C700D12444 /* Frameworks */ = {
			isa = PBXFrameworksBuildPhase;
			buildActionMask = 2147483647;
			files = (
			);
			runOnlyForDeploymentPostprocessing = 0;
		};
		06F614E72D04D2C800D12444 /* Frameworks */ = {
			isa = PBXFrameworksBuildPhase;
			buildActionMask = 2147483647;
			files = (
			);
			runOnlyForDeploymentPostprocessing = 0;
		};
		06F614F12D04D2C800D12444 /* Frameworks */ = {
			isa = PBXFrameworksBuildPhase;
			buildActionMask = 2147483647;
			files = (
			);
			runOnlyForDeploymentPostprocessing = 0;
		};
/* End PBXFrameworksBuildPhase section */

/* Begin PBXGroup section */
		06F614D12D04D2C700D12444 = {
			isa = PBXGroup;
			children = (
				06F614DC2D04D2C700D12444 /* RSSPodcastPlayer */,
				06F614ED2D04D2C800D12444 /* RSSPodcastPlayerTests */,
				06F614F72D04D2C800D12444 /* RSSPodcastPlayerUITests */,
				06F614DB2D04D2C700D12444 /* Products */,
			);
			sourceTree = "<group>";
		};
		06F614DB2D04D2C700D12444 /* Products */ = {
			isa = PBXGroup;
			children = (
				06F614DA2D04D2C700D12444 /* RSSPodcastPlayer.app */,
				06F614EA2D04D2C800D12444 /* RSSPodcastPlayerTests.xctest */,
				06F614F42D04D2C800D12444 /* RSSPodcastPlayerUITests.xctest */,
			);
			name = Products;
			sourceTree = "<group>";
		};
/* End PBXGroup section */

/* Begin PBXNativeTarget section */
		06F614D92D04D2C700D12444 /* RSSPodcastPlayer */ = {
			isa = PBXNativeTarget;
			buildConfigurationList = 06F614FE2D04D2C800D12444 /* Build configuration list for PBXNativeTarget "RSSPodcastPlayer" */;
			buildPhases = (
				06F614D62D04D2C700D12444 /* Sources */,
				06F614D72D04D2C700D12444 /* Frameworks */,
				06F614D82D04D2C700D12444 /* Resources */,
			);
			buildRules = (
			);
			dependencies = (
				0656F4DB2D04FF3300B2EC3B /* PBXTargetDependency */,
			);
			fileSystemSynchronizedGroups = (
				06F614DC2D04D2C700D12444 /* RSSPodcastPlayer */,
			);
			name = RSSPodcastPlayer;
			packageProductDependencies = (
			);
			productName = RSSPodcastPlayer;
			productReference = 06F614DA2D04D2C700D12444 /* RSSPodcastPlayer.app */;
			productType = "com.apple.product-type.application";
		};
		06F614E92D04D2C800D12444 /* RSSPodcastPlayerTests */ = {
			isa = PBXNativeTarget;
			buildConfigurationList = 06F615012D04D2C800D12444 /* Build configuration list for PBXNativeTarget "RSSPodcastPlayerTests" */;
			buildPhases = (
				06F614E62D04D2C800D12444 /* Sources */,
				06F614E72D04D2C800D12444 /* Frameworks */,
				06F614E82D04D2C800D12444 /* Resources */,
			);
			buildRules = (
			);
			dependencies = (
				06F614EC2D04D2C800D12444 /* PBXTargetDependency */,
			);
			fileSystemSynchronizedGroups = (
				06F614ED2D04D2C800D12444 /* RSSPodcastPlayerTests */,
			);
			name = RSSPodcastPlayerTests;
			packageProductDependencies = (
			);
			productName = RSSPodcastPlayerTests;
			productReference = 06F614EA2D04D2C800D12444 /* RSSPodcastPlayerTests.xctest */;
			productType = "com.apple.product-type.bundle.unit-test";
		};
		06F614F32D04D2C800D12444 /* RSSPodcastPlayerUITests */ = {
			isa = PBXNativeTarget;
			buildConfigurationList = 06F615042D04D2C800D12444 /* Build configuration list for PBXNativeTarget "RSSPodcastPlayerUITests" */;
			buildPhases = (
				06F614F02D04D2C800D12444 /* Sources */,
				06F614F12D04D2C800D12444 /* Frameworks */,
				06F614F22D04D2C800D12444 /* Resources */,
			);
			buildRules = (
			);
			dependencies = (
				06F614F62D04D2C800D12444 /* PBXTargetDependency */,
			);
			fileSystemSynchronizedGroups = (
				06F614F72D04D2C800D12444 /* RSSPodcastPlayerUITests */,
			);
			name = RSSPodcastPlayerUITests;
			packageProductDependencies = (
			);
			productName = RSSPodcastPlayerUITests;
			productReference = 06F614F42D04D2C800D12444 /* RSSPodcastPlayerUITests.xctest */;
			productType = "com.apple.product-type.bundle.ui-testing";
		};
/* End PBXNativeTarget section */

/* Begin PBXProject section */
		06F614D22D04D2C700D12444 /* Project object */ = {
			isa = PBXProject;
			attributes = {
				BuildIndependentTargetsInParallel = 1;
				LastSwiftUpdateCheck = 1610;
				LastUpgradeCheck = 1610;
				TargetAttributes = {
					06F614D92D04D2C700D12444 = {
						CreatedOnToolsVersion = 16.1;
					};
					06F614E92D04D2C800D12444 = {
						CreatedOnToolsVersion = 16.1;
						TestTargetID = 06F614D92D04D2C700D12444;
					};
					06F614F32D04D2C800D12444 = {
						CreatedOnToolsVersion = 16.1;
						TestTargetID = 06F614D92D04D2C700D12444;
					};
				};
			};
			buildConfigurationList = 06F614D52D04D2C700D12444 /* Build configuration list for PBXProject "RSSPodcastPlayer" */;
			developmentRegion = en;
			hasScannedForEncodings = 0;
			knownRegions = (
				en,
				Base,
			);
			mainGroup = 06F614D12D04D2C700D12444;
			minimizedProjectReferenceProxies = 1;
			packageReferences = (
				0656F4D92D04FDA400B2EC3B /* XCRemoteSwiftPackageReference "SwiftLintPlugins" */,
			);
			preferredProjectObjectVersion = 77;
			productRefGroup = 06F614DB2D04D2C700D12444 /* Products */;
			projectDirPath = "";
			projectRoot = "";
			targets = (
				06F614D92D04D2C700D12444 /* RSSPodcastPlayer */,
				06F614E92D04D2C800D12444 /* RSSPodcastPlayerTests */,
				06F614F32D04D2C800D12444 /* RSSPodcastPlayerUITests */,
			);
		};
/* End PBXProject section */

/* Begin PBXResourcesBuildPhase section */
		06F614D82D04D2C700D12444 /* Resources */ = {
			isa = PBXResourcesBuildPhase;
			buildActionMask = 2147483647;
			files = (
			);
			runOnlyForDeploymentPostprocessing = 0;
		};
		06F614E82D04D2C800D12444 /* Resources */ = {
			isa = PBXResourcesBuildPhase;
			buildActionMask = 2147483647;
			files = (
			);
			runOnlyForDeploymentPostprocessing = 0;
		};
		06F614F22D04D2C800D12444 /* Resources */ = {
			isa = PBXResourcesBuildPhase;
			buildActionMask = 2147483647;
			files = (
			);
			runOnlyForDeploymentPostprocessing = 0;
		};
/* End PBXResourcesBuildPhase section */

/* Begin PBXSourcesBuildPhase section */
		06F614D62D04D2C700D12444 /* Sources */ = {
			isa = PBXSourcesBuildPhase;
			buildActionMask = 2147483647;
			files = (
			);
			runOnlyForDeploymentPostprocessing = 0;
		};
		06F614E62D04D2C800D12444 /* Sources */ = {
			isa = PBXSourcesBuildPhase;
			buildActionMask = 2147483647;
			files = (
			);
			runOnlyForDeploymentPostprocessing = 0;
		};
		06F614F02D04D2C800D12444 /* Sources */ = {
			isa = PBXSourcesBuildPhase;
			buildActionMask = 2147483647;
			files = (
			);
			runOnlyForDeploymentPostprocessing = 0;
		};
/* End PBXSourcesBuildPhase section */

/* Begin PBXTargetDependency section */
		0656F4DB2D04FF3300B2EC3B /* PBXTargetDependency */ = {
			isa = PBXTargetDependency;
			productRef = 0656F4DA2D04FF3300B2EC3B /* SwiftLintBuildToolPlugin */;
		};
		06F614EC2D04D2C800D12444 /* PBXTargetDependency */ = {
			isa = PBXTargetDependency;
			target = 06F614D92D04D2C700D12444 /* RSSPodcastPlayer */;
			targetProxy = 06F614EB2D04D2C800D12444 /* PBXContainerItemProxy */;
		};
		06F614F62D04D2C800D12444 /* PBXTargetDependency */ = {
			isa = PBXTargetDependency;
			target = 06F614D92D04D2C700D12444 /* RSSPodcastPlayer */;
			targetProxy = 06F614F52D04D2C800D12444 /* PBXContainerItemProxy */;
		};
/* End PBXTargetDependency section */

/* Begin XCBuildConfiguration section */
		06F614FC2D04D2C800D12444 /* Debug */ = {
			isa = XCBuildConfiguration;
			buildSettings = {
				ALWAYS_SEARCH_USER_PATHS = NO;
				ASSETCATALOG_COMPILER_GENERATE_SWIFT_ASSET_SYMBOL_EXTENSIONS = YES;
				CLANG_ANALYZER_NONNULL = YES;
				CLANG_ANALYZER_NUMBER_OBJECT_CONVERSION = YES_AGGRESSIVE;
				CLANG_CXX_LANGUAGE_STANDARD = "gnu++20";
				CLANG_ENABLE_MODULES = YES;
				CLANG_ENABLE_OBJC_ARC = YES;
				CLANG_ENABLE_OBJC_WEAK = YES;
				CLANG_WARN_BLOCK_CAPTURE_AUTORELEASING = YES;
				CLANG_WARN_BOOL_CONVERSION = YES;
				CLANG_WARN_COMMA = YES;
				CLANG_WARN_CONSTANT_CONVERSION = YES;
				CLANG_WARN_DEPRECATED_OBJC_IMPLEMENTATIONS = YES;
				CLANG_WARN_DIRECT_OBJC_ISA_USAGE = YES_ERROR;
				CLANG_WARN_DOCUMENTATION_COMMENTS = YES;
				CLANG_WARN_EMPTY_BODY = YES;
				CLANG_WARN_ENUM_CONVERSION = YES;
				CLANG_WARN_INFINITE_RECURSION = YES;
				CLANG_WARN_INT_CONVERSION = YES;
				CLANG_WARN_NON_LITERAL_NULL_CONVERSION = YES;
				CLANG_WARN_OBJC_IMPLICIT_RETAIN_SELF = YES;
				CLANG_WARN_OBJC_LITERAL_CONVERSION = YES;
				CLANG_WARN_OBJC_ROOT_CLASS = YES_ERROR;
				CLANG_WARN_QUOTED_INCLUDE_IN_FRAMEWORK_HEADER = YES;
				CLANG_WARN_RANGE_LOOP_ANALYSIS = YES;
				CLANG_WARN_STRICT_PROTOTYPES = YES;
				CLANG_WARN_SUSPICIOUS_MOVE = YES;
				CLANG_WARN_UNGUARDED_AVAILABILITY = YES_AGGRESSIVE;
				CLANG_WARN_UNREACHABLE_CODE = YES;
				CLANG_WARN__DUPLICATE_METHOD_MATCH = YES;
				COPY_PHASE_STRIP = NO;
				DEBUG_INFORMATION_FORMAT = dwarf;
				ENABLE_STRICT_OBJC_MSGSEND = YES;
				ENABLE_TESTABILITY = YES;
				ENABLE_USER_SCRIPT_SANDBOXING = YES;
				GCC_C_LANGUAGE_STANDARD = gnu17;
				GCC_DYNAMIC_NO_PIC = NO;
				GCC_NO_COMMON_BLOCKS = YES;
				GCC_OPTIMIZATION_LEVEL = 0;
				GCC_PREPROCESSOR_DEFINITIONS = (
					"DEBUG=1",
					"$(inherited)",
				);
				GCC_WARN_64_TO_32_BIT_CONVERSION = YES;
				GCC_WARN_ABOUT_RETURN_TYPE = YES_ERROR;
				GCC_WARN_UNDECLARED_SELECTOR = YES;
				GCC_WARN_UNINITIALIZED_AUTOS = YES_AGGRESSIVE;
				GCC_WARN_UNUSED_FUNCTION = YES;
				GCC_WARN_UNUSED_VARIABLE = YES;
				IPHONEOS_DEPLOYMENT_TARGET = 18.1;
				LOCALIZATION_PREFERS_STRING_CATALOGS = YES;
				MTL_ENABLE_DEBUG_INFO = INCLUDE_SOURCE;
				MTL_FAST_MATH = YES;
				ONLY_ACTIVE_ARCH = YES;
				SDKROOT = iphoneos;
				SWIFT_ACTIVE_COMPILATION_CONDITIONS = "DEBUG $(inherited)";
				SWIFT_OPTIMIZATION_LEVEL = "-Onone";
			};
			name = Debug;
		};
		06F614FD2D04D2C800D12444 /* Release */ = {
			isa = XCBuildConfiguration;
			buildSettings = {
				ALWAYS_SEARCH_USER_PATHS = NO;
				ASSETCATALOG_COMPILER_GENERATE_SWIFT_ASSET_SYMBOL_EXTENSIONS = YES;
				CLANG_ANALYZER_NONNULL = YES;
				CLANG_ANALYZER_NUMBER_OBJECT_CONVERSION = YES_AGGRESSIVE;
				CLANG_CXX_LANGUAGE_STANDARD = "gnu++20";
				CLANG_ENABLE_MODULES = YES;
				CLANG_ENABLE_OBJC_ARC = YES;
				CLANG_ENABLE_OBJC_WEAK = YES;
				CLANG_WARN_BLOCK_CAPTURE_AUTORELEASING = YES;
				CLANG_WARN_BOOL_CONVERSION = YES;
				CLANG_WARN_COMMA = YES;
				CLANG_WARN_CONSTANT_CONVERSION = YES;
				CLANG_WARN_DEPRECATED_OBJC_IMPLEMENTATIONS = YES;
				CLANG_WARN_DIRECT_OBJC_ISA_USAGE = YES_ERROR;
				CLANG_WARN_DOCUMENTATION_COMMENTS = YES;
				CLANG_WARN_EMPTY_BODY = YES;
				CLANG_WARN_ENUM_CONVERSION = YES;
				CLANG_WARN_INFINITE_RECURSION = YES;
				CLANG_WARN_INT_CONVERSION = YES;
				CLANG_WARN_NON_LITERAL_NULL_CONVERSION = YES;
				CLANG_WARN_OBJC_IMPLICIT_RETAIN_SELF = YES;
				CLANG_WARN_OBJC_LITERAL_CONVERSION = YES;
				CLANG_WARN_OBJC_ROOT_CLASS = YES_ERROR;
				CLANG_WARN_QUOTED_INCLUDE_IN_FRAMEWORK_HEADER = YES;
				CLANG_WARN_RANGE_LOOP_ANALYSIS = YES;
				CLANG_WARN_STRICT_PROTOTYPES = YES;
				CLANG_WARN_SUSPICIOUS_MOVE = YES;
				CLANG_WARN_UNGUARDED_AVAILABILITY = YES_AGGRESSIVE;
				CLANG_WARN_UNREACHABLE_CODE = YES;
				CLANG_WARN__DUPLICATE_METHOD_MATCH = YES;
				COPY_PHASE_STRIP = NO;
				DEBUG_INFORMATION_FORMAT = "dwarf-with-dsym";
				ENABLE_NS_ASSERTIONS = NO;
				ENABLE_STRICT_OBJC_MSGSEND = YES;
				ENABLE_USER_SCRIPT_SANDBOXING = YES;
				GCC_C_LANGUAGE_STANDARD = gnu17;
				GCC_NO_COMMON_BLOCKS = YES;
				GCC_WARN_64_TO_32_BIT_CONVERSION = YES;
				GCC_WARN_ABOUT_RETURN_TYPE = YES_ERROR;
				GCC_WARN_UNDECLARED_SELECTOR = YES;
				GCC_WARN_UNINITIALIZED_AUTOS = YES_AGGRESSIVE;
				GCC_WARN_UNUSED_FUNCTION = YES;
				GCC_WARN_UNUSED_VARIABLE = YES;
				IPHONEOS_DEPLOYMENT_TARGET = 18.1;
				LOCALIZATION_PREFERS_STRING_CATALOGS = YES;
				MTL_ENABLE_DEBUG_INFO = NO;
				MTL_FAST_MATH = YES;
				SDKROOT = iphoneos;
				SWIFT_COMPILATION_MODE = wholemodule;
				VALIDATE_PRODUCT = YES;
			};
			name = Release;
		};
		06F614FF2D04D2C800D12444 /* Debug */ = {
			isa = XCBuildConfiguration;
			buildSettings = {
				ASSETCATALOG_COMPILER_APPICON_NAME = AppIcon;
				ASSETCATALOG_COMPILER_GLOBAL_ACCENT_COLOR_NAME = AccentColor;
				CODE_SIGN_STYLE = Automatic;
				CURRENT_PROJECT_VERSION = 1;
				DEVELOPMENT_ASSET_PATHS = "\"RSSPodcastPlayer/Preview Content\"";
				ENABLE_PREVIEWS = YES;
				GENERATE_INFOPLIST_FILE = YES;
				INFOPLIST_KEY_UIApplicationSceneManifest_Generation = YES;
				INFOPLIST_KEY_UIApplicationSupportsIndirectInputEvents = YES;
				INFOPLIST_KEY_UILaunchScreen_Generation = YES;
				INFOPLIST_KEY_UISupportedInterfaceOrientations_iPad = "UIInterfaceOrientationPortrait UIInterfaceOrientationPortraitUpsideDown UIInterfaceOrientationLandscapeLeft UIInterfaceOrientationLandscapeRight";
				INFOPLIST_KEY_UISupportedInterfaceOrientations_iPhone = "UIInterfaceOrientationPortrait UIInterfaceOrientationLandscapeLeft UIInterfaceOrientationLandscapeRight";
				LD_RUNPATH_SEARCH_PATHS = (
					"$(inherited)",
					"@executable_path/Frameworks",
				);
				MARKETING_VERSION = 1.0;
				PRODUCT_BUNDLE_IDENTIFIER = com.lucaspinto.RSSPodcastPlayer;
				PRODUCT_NAME = "$(TARGET_NAME)";
				SWIFT_EMIT_LOC_STRINGS = YES;
				SWIFT_VERSION = 5.0;
				TARGETED_DEVICE_FAMILY = "1,2";
			};
			name = Debug;
		};
		06F615002D04D2C800D12444 /* Release */ = {
			isa = XCBuildConfiguration;
			buildSettings = {
				ASSETCATALOG_COMPILER_APPICON_NAME = AppIcon;
				ASSETCATALOG_COMPILER_GLOBAL_ACCENT_COLOR_NAME = AccentColor;
				CODE_SIGN_STYLE = Automatic;
				CURRENT_PROJECT_VERSION = 1;
				DEVELOPMENT_ASSET_PATHS = "\"RSSPodcastPlayer/Preview Content\"";
				ENABLE_PREVIEWS = YES;
				GENERATE_INFOPLIST_FILE = YES;
				INFOPLIST_KEY_UIApplicationSceneManifest_Generation = YES;
				INFOPLIST_KEY_UIApplicationSupportsIndirectInputEvents = YES;
				INFOPLIST_KEY_UILaunchScreen_Generation = YES;
				INFOPLIST_KEY_UISupportedInterfaceOrientations_iPad = "UIInterfaceOrientationPortrait UIInterfaceOrientationPortraitUpsideDown UIInterfaceOrientationLandscapeLeft UIInterfaceOrientationLandscapeRight";
				INFOPLIST_KEY_UISupportedInterfaceOrientations_iPhone = "UIInterfaceOrientationPortrait UIInterfaceOrientationLandscapeLeft UIInterfaceOrientationLandscapeRight";
				LD_RUNPATH_SEARCH_PATHS = (
					"$(inherited)",
					"@executable_path/Frameworks",
				);
				MARKETING_VERSION = 1.0;
				PRODUCT_BUNDLE_IDENTIFIER = com.lucaspinto.RSSPodcastPlayer;
				PRODUCT_NAME = "$(TARGET_NAME)";
				SWIFT_EMIT_LOC_STRINGS = YES;
				SWIFT_VERSION = 5.0;
				TARGETED_DEVICE_FAMILY = "1,2";
			};
			name = Release;
		};
		06F615022D04D2C800D12444 /* Debug */ = {
			isa = XCBuildConfiguration;
			buildSettings = {
				BUNDLE_LOADER = "$(TEST_HOST)";
				CODE_SIGN_STYLE = Automatic;
				CURRENT_PROJECT_VERSION = 1;
				GENERATE_INFOPLIST_FILE = YES;
				IPHONEOS_DEPLOYMENT_TARGET = 18.1;
				MARKETING_VERSION = 1.0;
				PRODUCT_BUNDLE_IDENTIFIER = com.lucaspinto.RSSPodcastPlayerTests;
				PRODUCT_NAME = "$(TARGET_NAME)";
				SWIFT_EMIT_LOC_STRINGS = NO;
				SWIFT_VERSION = 5.0;
				TARGETED_DEVICE_FAMILY = "1,2";
				TEST_HOST = "$(BUILT_PRODUCTS_DIR)/RSSPodcastPlayer.app/$(BUNDLE_EXECUTABLE_FOLDER_PATH)/RSSPodcastPlayer";
			};
			name = Debug;
		};
		06F615032D04D2C800D12444 /* Release */ = {
			isa = XCBuildConfiguration;
			buildSettings = {
				BUNDLE_LOADER = "$(TEST_HOST)";
				CODE_SIGN_STYLE = Automatic;
				CURRENT_PROJECT_VERSION = 1;
				GENERATE_INFOPLIST_FILE = YES;
				IPHONEOS_DEPLOYMENT_TARGET = 18.1;
				MARKETING_VERSION = 1.0;
				PRODUCT_BUNDLE_IDENTIFIER = com.lucaspinto.RSSPodcastPlayerTests;
				PRODUCT_NAME = "$(TARGET_NAME)";
				SWIFT_EMIT_LOC_STRINGS = NO;
				SWIFT_VERSION = 5.0;
				TARGETED_DEVICE_FAMILY = "1,2";
				TEST_HOST = "$(BUILT_PRODUCTS_DIR)/RSSPodcastPlayer.app/$(BUNDLE_EXECUTABLE_FOLDER_PATH)/RSSPodcastPlayer";
			};
			name = Release;
		};
		06F615052D04D2C800D12444 /* Debug */ = {
			isa = XCBuildConfiguration;
			buildSettings = {
				CODE_SIGN_STYLE = Automatic;
				CURRENT_PROJECT_VERSION = 1;
				GENERATE_INFOPLIST_FILE = YES;
				MARKETING_VERSION = 1.0;
				PRODUCT_BUNDLE_IDENTIFIER = com.lucaspinto.RSSPodcastPlayerUITests;
				PRODUCT_NAME = "$(TARGET_NAME)";
				SWIFT_EMIT_LOC_STRINGS = NO;
				SWIFT_VERSION = 5.0;
				TARGETED_DEVICE_FAMILY = "1,2";
				TEST_TARGET_NAME = RSSPodcastPlayer;
			};
			name = Debug;
		};
		06F615062D04D2C800D12444 /* Release */ = {
			isa = XCBuildConfiguration;
			buildSettings = {
				CODE_SIGN_STYLE = Automatic;
				CURRENT_PROJECT_VERSION = 1;
				GENERATE_INFOPLIST_FILE = YES;
				MARKETING_VERSION = 1.0;
				PRODUCT_BUNDLE_IDENTIFIER = com.lucaspinto.RSSPodcastPlayerUITests;
				PRODUCT_NAME = "$(TARGET_NAME)";
				SWIFT_EMIT_LOC_STRINGS = NO;
				SWIFT_VERSION = 5.0;
				TARGETED_DEVICE_FAMILY = "1,2";
				TEST_TARGET_NAME = RSSPodcastPlayer;
			};
			name = Release;
		};
/* End XCBuildConfiguration section */

/* Begin XCConfigurationList section */
		06F614D52D04D2C700D12444 /* Build configuration list for PBXProject "RSSPodcastPlayer" */ = {
			isa = XCConfigurationList;
			buildConfigurations = (
				06F614FC2D04D2C800D12444 /* Debug */,
				06F614FD2D04D2C800D12444 /* Release */,
			);
			defaultConfigurationIsVisible = 0;
			defaultConfigurationName = Release;
		};
		06F614FE2D04D2C800D12444 /* Build configuration list for PBXNativeTarget "RSSPodcastPlayer" */ = {
			isa = XCConfigurationList;
			buildConfigurations = (
				06F614FF2D04D2C800D12444 /* Debug */,
				06F615002D04D2C800D12444 /* Release */,
			);
			defaultConfigurationIsVisible = 0;
			defaultConfigurationName = Release;
		};
		06F615012D04D2C800D12444 /* Build configuration list for PBXNativeTarget "RSSPodcastPlayerTests" */ = {
			isa = XCConfigurationList;
			buildConfigurations = (
				06F615022D04D2C800D12444 /* Debug */,
				06F615032D04D2C800D12444 /* Release */,
			);
			defaultConfigurationIsVisible = 0;
			defaultConfigurationName = Release;
		};
		06F615042D04D2C800D12444 /* Build configuration list for PBXNativeTarget "RSSPodcastPlayerUITests" */ = {
			isa = XCConfigurationList;
			buildConfigurations = (
				06F615052D04D2C800D12444 /* Debug */,
				06F615062D04D2C800D12444 /* Release */,
			);
			defaultConfigurationIsVisible = 0;
			defaultConfigurationName = Release;
		};
/* End XCConfigurationList section */

/* Begin XCRemoteSwiftPackageReference section */
		0656F4D92D04FDA400B2EC3B /* XCRemoteSwiftPackageReference "SwiftLintPlugins" */ = {
			isa = XCRemoteSwiftPackageReference;
			repositoryURL = "https://github.com/SimplyDanny/SwiftLintPlugins";
			requirement = {
				kind = upToNextMajorVersion;
				minimumVersion = 0.57.1;
			};
		};
/* End XCRemoteSwiftPackageReference section */

/* Begin XCSwiftPackageProductDependency section */
		0656F4DA2D04FF3300B2EC3B /* SwiftLintBuildToolPlugin */ = {
			isa = XCSwiftPackageProductDependency;
			package = 0656F4D92D04FDA400B2EC3B /* XCRemoteSwiftPackageReference "SwiftLintPlugins" */;
			productName = "plugin:SwiftLintBuildToolPlugin";
		};
/* End XCSwiftPackageProductDependency section */
	};
	rootObject = 06F614D22D04D2C700D12444 /* Project object */;
}
